// !$*UTF8*$!
{
	archiveVersion = 1;
	classes = {
	};
	objectVersion = 46;
	objects = {

/* Begin PBXBuildFile section */
		57D0BBE41C7C0D2C00569C9F /* AppDelegate.swift in Sources */ = {isa = PBXBuildFile; fileRef = 57D0BBE31C7C0D2C00569C9F /* AppDelegate.swift */; };
		57D0BBE61C7C0D2C00569C9F /* ViewController.swift in Sources */ = {isa = PBXBuildFile; fileRef = 57D0BBE51C7C0D2C00569C9F /* ViewController.swift */; };
		57D0BBE91C7C0D2C00569C9F /* Main.storyboard in Resources */ = {isa = PBXBuildFile; fileRef = 57D0BBE71C7C0D2C00569C9F /* Main.storyboard */; };
		57D0BBEB1C7C0D2C00569C9F /* Assets.xcassets in Resources */ = {isa = PBXBuildFile; fileRef = 57D0BBEA1C7C0D2C00569C9F /* Assets.xcassets */; };
		57D0BBEE1C7C0D2C00569C9F /* LaunchScreen.storyboard in Resources */ = {isa = PBXBuildFile; fileRef = 57D0BBEC1C7C0D2C00569C9F /* LaunchScreen.storyboard */; };
/* End PBXBuildFile section */

/* Begin PBXFileReference section */
		57D0BBE01C7C0D2C00569C9F /* FirstApp.app */ = {isa = PBXFileReference; explicitFileType = wrapper.application; includeInIndex = 0; path = FirstApp.app; sourceTree = BUILT_PRODUCTS_DIR; };
		57D0BBE31C7C0D2C00569C9F /* AppDelegate.swift */ = {isa = PBXFileReference; lastKnownFileType = sourcecode.swift; path = AppDelegate.swift; sourceTree = "<group>"; };
		57D0BBE51C7C0D2C00569C9F /* ViewController.swift */ = {isa = PBXFileReference; lastKnownFileType = sourcecode.swift; path = ViewController.swift; sourceTree = "<group>"; };
		57D0BBE81C7C0D2C00569C9F /* Base */ = {isa = PBXFileReference; lastKnownFileType = file.storyboard; name = Base; path = Base.lproj/Main.storyboard; sourceTree = "<group>"; };
		57D0BBEA1C7C0D2C00569C9F /* Assets.xcassets */ = {isa = PBXFileReference; lastKnownFileType = folder.assetcatalog; path = Assets.xcassets; sourceTree = "<group>"; };
		57D0BBED1C7C0D2C00569C9F /* Base */ = {isa = PBXFileReference; lastKnownFileType = file.storyboard; name = Base; path = Base.lproj/LaunchScreen.storyboard; sourceTree = "<group>"; };
		57D0BBEF1C7C0D2C00569C9F /* Info.plist */ = {isa = PBXFileReference; lastKnownFileType = text.plist.xml; path = Info.plist; sourceTree = "<group>"; };
/* End PBXFileReference section */

/* Begin PBXFrameworksBuildPhase section */
		57D0BBDD1C7C0D2C00569C9F /* Frameworks */ = {
			isa = PBXFrameworksBuildPhase;
			buildActionMask = 2147483647;
			files = (
			);
			runOnlyForDeploymentPostprocessing = 0;
		};
/* End PBXFrameworksBuildPhase section */

/* Begin PBXGroup section */
		57D0BBD71C7C0D2C00569C9F = {
			isa = PBXGroup;
			children = (
				57D0BBE21C7C0D2C00569C9F /* FirstApp */,
				57D0BBE11C7C0D2C00569C9F /* Products */,
			);
			sourceTree = "<group>";
		};
		57D0BBE11C7C0D2C00569C9F /* Products */ = {
			isa = PBXGroup;
			children = (
				57D0BBE01C7C0D2C00569C9F /* FirstApp.app */,
			);
			name = Products;
			sourceTree = "<group>";
		};
		57D0BBE21C7C0D2C00569C9F /* FirstApp */ = {
			isa = PBXGroup;
			children = (
				57D0BBE31C7C0D2C00569C9F /* AppDelegate.swift */,
				57D0BBE51C7C0D2C00569C9F /* ViewController.swift */,
				57D0BBE71C7C0D2C00569C9F /* Main.storyboard */,
				57D0BBEA1C7C0D2C00569C9F /* Assets.xcassets */,
				57D0BBEC1C7C0D2C00569C9F /* LaunchScreen.storyboard */,
				57D0BBEF1C7C0D2C00569C9F /* Info.plist */,
			);
			path = FirstApp;
			sourceTree = "<group>";
		};
/* End PBXGroup section */

/* Begin PBXNativeTarget section */
		57D0BBDF1C7C0D2C00569C9F /* FirstApp */ = {
			isa = PBXNativeTarget;
			buildConfigurationList = 57D0BBF21C7C0D2C00569C9F /* Build configuration list for PBXNativeTarget "FirstApp" */;
			buildPhases = (
				57D0BBDC1C7C0D2C00569C9F /* Sources */,
				57D0BBDD1C7C0D2C00569C9F /* Frameworks */,
				57D0BBDE1C7C0D2C00569C9F /* Resources */,
			);
			buildRules = (
			);
			dependencies = (
			);
			name = FirstApp;
			productName = FirstApp;
			productReference = 57D0BBE01C7C0D2C00569C9F /* FirstApp.app */;
			productType = "com.apple.product-type.application";
		};
/* End PBXNativeTarget section */

/* Begin PBXProject section */
		57D0BBD81C7C0D2C00569C9F /* Project object */ = {
			isa = PBXProject;
			attributes = {
				LastSwiftUpdateCheck = 0720;
				LastUpgradeCheck = 0720;
				ORGANIZATIONNAME = "Jane Chester";
				TargetAttributes = {
					57D0BBDF1C7C0D2C00569C9F = {
						CreatedOnToolsVersion = 7.2.1;
					};
				};
			};
			buildConfigurationList = 57D0BBDB1C7C0D2C00569C9F /* Build configuration list for PBXProject "FirstApp" */;
			compatibilityVersion = "Xcode 3.2";
			developmentRegion = English;
			hasScannedForEncodings = 0;
			knownRegions = (
				en,
				Base,
			);
			mainGroup = 57D0BBD71C7C0D2C00569C9F;
			productRefGroup = 57D0BBE11C7C0D2C00569C9F /* Products */;
			projectDirPath = "";
			projectRoot = "";
			targets = (
				57D0BBDF1C7C0D2C00569C9F /* FirstApp */,
			);
		};
/* End PBXProject section */

/* Begin PBXResourcesBuildPhase section */
		57D0BBDE1C7C0D2C00569C9F /* Resources */ = {
			isa = PBXResourcesBuildPhase;
			buildActionMask = 2147483647;
			files = (
				57D0BBEE1C7C0D2C00569C9F /* LaunchScreen.storyboard in Resources */,
				57D0BBEB1C7C0D2C00569C9F /* Assets.xcassets in Resources */,
				57D0BBE91C7C0D2C00569C9F /* Main.storyboard in Resources */,
			);
			runOnlyForDeploymentPostprocessing = 0;
		};
/* End PBXResourcesBuildPhase section */

/* Begin PBXSourcesBuildPhase section */
		57D0BBDC1C7C0D2C00569C9F /* Sources */ = {
			isa = PBXSourcesBuildPhase;
			buildActionMask = 2147483647;
			files = (
				57D0BBE61C7C0D2C00569C9F /* ViewController.swift in Sources */,
				57D0BBE41C7C0D2C00569C9F /* AppDelegate.swift in Sources */,
			);
			runOnlyForDeploymentPostprocessing = 0;
		};
/* End PBXSourcesBuildPhase section */

/* Begin PBXVariantGroup section */
		57D0BBE71C7C0D2C00569C9F /* Main.storyboard */ = {
			isa = PBXVariantGroup;
			children = (
				57D0BBE81C7C0D2C00569C9F /* Base */,
			);
			name = Main.storyboard;
			sourceTree = "<group>";
		};
		57D0BBEC1C7C0D2C00569C9F /* LaunchScreen.storyboard */ = {
			isa = PBXVariantGroup;
			children = (
				57D0BBED1C7C0D2C00569C9F /* Base */,
			);
			name = LaunchScreen.storyboard;
			sourceTree = "<group>";
		};
/* End PBXVariantGroup section */

/* Begin XCBuildConfiguration section */
		57D0BBF01C7C0D2C00569C9F /* Debug */ = {
			isa = XCBuildConfiguration;
			buildSettings = {
				ALWAYS_SEARCH_USER_PATHS = NO;
				CLANG_CXX_LANGUAGE_STANDARD = "gnu++0x";
				CLANG_CXX_LIBRARY = "libc++";
				CLANG_ENABLE_MODULES = YES;
				CLANG_ENABLE_OBJC_ARC = YES;
				CLANG_WARN_BOOL_CONVERSION = YES;
				CLANG_WARN_CONSTANT_CONVERSION = YES;
				CLANG_WARN_DIRECT_OBJC_ISA_USAGE = YES_ERROR;
				CLANG_WARN_EMPTY_BODY = YES;
				CLANG_WARN_ENUM_CONVERSION = YES;
				CLANG_WARN_INT_CONVERSION = YES;
				CLANG_WARN_OBJC_ROOT_CLASS = YES_ERROR;
				CLANG_WARN_UNREACHABLE_CODE = YES;
				CLANG_WARN__DUPLICATE_METHOD_MATCH = YES;
				"CODE_SIGN_IDENTITY[sdk=iphoneos*]" = "iPhone Developer";
				COPY_PHASE_STRIP = NO;
				DEBUG_INFORMATION_FORMAT = dwarf;
				ENABLE_STRICT_OBJC_MSGSEND = YES;
				ENABLE_TESTABILITY = YES;
				GCC_C_LANGUAGE_STANDARD = gnu99;
				GCC_DYNAMIC_NO_PIC = NO;
				GCC_NO_COMMON_BLOCKS = YES;
				GCC_OPTIMIZATION_LEVEL = 0;
				GCC_PREPROCESSOR_DEFINITIONS = (
					"DEBUG=1",
					"$(inherited)",
				);
				GCC_WARN_64_TO_32_BIT_CONVERSION = YES;
				GCC_WARN_ABOUT_RETURN_TYPE = YES_ERROR;
				GCC_WARN_UNDECLARED_SELECTOR = YES;
				GCC_WARN_UNINITIALIZED_AUTOS = YES_AGGRESSIVE;
				GCC_WARN_UNUSED_FUNCTION = YES;
				GCC_WARN_UNUSED_VARIABLE = YES;
				IPHONEOS_DEPLOYMENT_TARGET = 9.2;
				MTL_ENABLE_DEBUG_INFO = YES;
				ONLY_ACTIVE_ARCH = YES;
				SDKROOT = iphoneos;
				SWIFT_OPTIMIZATION_LEVEL = "-Onone";
				TARGETED_DEVICE_FAMILY = "1,2";
			};
			name = Debug;
		};
		57D0BBF11C7C0D2C00569C9F /* Release */ = {
			isa = XCBuildConfiguration;
			buildSettings = {
				ALWAYS_SEARCH_USER_PATHS = NO;
				CLANG_CXX_LANGUAGE_STANDARD = "gnu++0x";
				CLANG_CXX_LIBRARY = "libc++";
				CLANG_ENABLE_MODULES = YES;
				CLANG_ENABLE_OBJC_ARC = YES;
				CLANG_WARN_BOOL_CONVERSION = YES;
				CLANG_WARN_CONSTANT_CONVERSION = YES;
				CLANG_WARN_DIRECT_OBJC_ISA_USAGE = YES_ERROR;
				CLANG_WARN_EMPTY_BODY = YES;
				CLANG_WARN_ENUM_CONVERSION = YES;
				CLANG_WARN_INT_CONVERSION = YES;
				CLANG_WARN_OBJC_ROOT_CLASS = YES_ERROR;
				CLANG_WARN_UNREACHABLE_CODE = YES;
				CLANG_WARN__DUPLICATE_METHOD_MATCH = YES;
				"CODE_SIGN_IDENTITY[sdk=iphoneos*]" = "iPhone Developer";
				COPY_PHASE_STRIP = NO;
				DEBUG_INFORMATION_FORMAT = "dwarf-with-dsym";
				ENABLE_NS_ASSERTIONS = NO;
				ENABLE_STRICT_OBJC_MSGSEND = YES;
				GCC_C_LANGUAGE_STANDARD = gnu99;
				GCC_NO_COMMON_BLOCKS = YES;
				GCC_WARN_64_TO_32_BIT_CONVERSION = YES;
				GCC_WARN_ABOUT_RETURN_TYPE = YES_ERROR;
				GCC_WARN_UNDECLARED_SELECTOR = YES;
				GCC_WARN_UNINITIALIZED_AUTOS = YES_AGGRESSIVE;
				GCC_WARN_UNUSED_FUNCTION = YES;
				GCC_WARN_UNUSED_VARIABLE = YES;
				IPHONEOS_DEPLOYMENT_TARGET = 9.2;
				MTL_ENABLE_DEBUG_INFO = NO;
				SDKROOT = iphoneos;
				TARGETED_DEVICE_FAMILY = "1,2";
				VALIDATE_PRODUCT = YES;
			};
			name = Release;
		};
		57D0BBF31C7C0D2C00569C9F /* Debug */ = {
			isa = XCBuildConfiguration;
			buildSettings = {
				ASSETCATALOG_COMPILER_APPICON_NAME = AppIcon;
				INFOPLIST_FILE = FirstApp/Info.plist;
				LD_RUNPATH_SEARCH_PATHS = "$(inherited) @executable_path/Frameworks";
				PRODUCT_BUNDLE_IDENTIFIER = com.janechester.FirstApp;
				PRODUCT_NAME = "$(TARGET_NAME)";
			};
			name = Debug;
		};
		57D0BBF41C7C0D2C00569C9F /* Release */ = {
			isa = XCBuildConfiguration;
			buildSettings = {
				ASSETCATALOG_COMPILER_APPICON_NAME = AppIcon;
				INFOPLIST_FILE = FirstApp/Info.plist;
				LD_RUNPATH_SEARCH_PATHS = "$(inherited) @executable_path/Frameworks";
				PRODUCT_BUNDLE_IDENTIFIER = com.janechester.FirstApp;
				PRODUCT_NAME = "$(TARGET_NAME)";
			};
			name = Release;
		};
/* End XCBuildConfiguration section */

/* Begin XCConfigurationList section */
		57D0BBDB1C7C0D2C00569C9F /* Build configuration list for PBXProject "FirstApp" */ = {
			isa = XCConfigurationList;
			buildConfigurations = (
				57D0BBF01C7C0D2C00569C9F /* Debug */,
				57D0BBF11C7C0D2C00569C9F /* Release */,
			);
			defaultConfigurationIsVisible = 0;
			defaultConfigurationName = Release;
		};
		57D0BBF21C7C0D2C00569C9F /* Build configuration list for PBXNativeTarget "FirstApp" */ = {
			isa = XCConfigurationList;
			buildConfigurations = (
				57D0BBF31C7C0D2C00569C9F /* Debug */,
				57D0BBF41C7C0D2C00569C9F /* Release */,
			);
			defaultConfigurationIsVisible = 0;
		};
/* End XCConfigurationList section */
	};
	rootObject = 57D0BBD81C7C0D2C00569C9F /* Project object */;
}
